{
  "name": "my-microbit",
  "lockfileVersion": 3,
  "requires": true,
  "packages": {
    "": {
      "name": "my-microbit",
      "workspaces": [
        "packages/*"
      ],
      "engines": {
        "node": ">=20.0.0"
      }
    },
    "node_modules/@capacitor-community/bluetooth-le": {
      "version": "8.2.0",
      "resolved": "https://registry.npmjs.org/@capacitor-community/bluetooth-le/-/bluetooth-le-8.2.0.tgz",
      "integrity": "sha512-wsy2h9sVcXaynyb3Nf9fVZklnQHDtIfT4fc6iL9McZvi19rDJ5aCoEBqa4wch5RywbF3Ic1W/StKuHJuWUumiQ==",
      "license": "MIT",
      "peer": true,
      "dependencies": {
        "@types/web-bluetooth": "^0.0.20"
      },
      "peerDependencies": {
        "@capacitor/core": ">=8.0.0"
      }
    },
    "node_modules/@capacitor/core": {
      "version": "8.5.0",
      "resolved": "https://registry.npmjs.org/@capacitor/core/-/core-8.5.0.tgz",
      "integrity": "sha512-Ca4krtqH1hothjtBIwf2J2TW7IhYq1ujp8QeItTiJohNsqij8ja2DYYH3DU0l8RmxCWaBAFTGA2TgOgOMCSNsQ==",
      "license": "MIT",
      "peer": true,
      "dependencies": {
        "tslib": "^2.1.0"
      }
    },
    "node_modules/@capacitor/filesystem": {
      "version": "8.1.2",
      "resolved": "https://registry.npmjs.org/@capacitor/filesystem/-/filesystem-8.1.2.tgz",
      "integrity": "sha512-doaaMfGoFR2hWU6aV6u83I+5ZsGyJVq+Gz4r9lMpJzUKMm1eMu0hLnFdV1aXZlU9FlK/RndFrVD8oRZfNOqWgQ==",
      "license": "MIT",
      "peer": true,
      "dependencies": {
        "@capacitor/synapse": "^1.0.4"
      },
      "peerDependencies": {
        "@capacitor/core": ">=8.0.0"
      }
    },
    "node_modules/@capacitor/synapse": {
      "version": "1.0.4",
      "resolved": "https://registry.npmjs.org/@capacitor/synapse/-/synapse-1.0.4.tgz",
      "integrity": "sha512-/C1FUo8/OkKuAT4nCIu/34ny9siNHr9qtFezu4kxm6GY1wNFxrCFWjfYx5C1tUhVGz3fxBABegupkpjXvjCHrw==",
      "license": "ISC",
      "peer": true
    },
    "node_modules/@microbit/capacitor-community-nordic-dfu": {
      "version": "8.0.0-microbit.1",
      "resolved": "https://registry.npmjs.org/@microbit/capacitor-community-nordic-dfu/-/capacitor-community-nordic-dfu-8.0.0-microbit.1.tgz",
      "integrity": "sha512-6QArPXGgqBKGNpUNFb59v+d3zUZ9MU0NeAvh71M3/cqioYP+gIHOFH8mxXTTjkpvCgUTXTYtYHv9aWyBIJp2kw==",
      "license": "MIT",
      "peer": true,
      "engines": {
        "node": ">=20.0.0"
      },
      "peerDependencies": {
        "@capacitor/core": ">=8.0.0"
      }
    },
    "node_modules/@microbit/microbit-connection": {
      "version": "1.0.0",
      "resolved": "https://registry.npmjs.org/@microbit/microbit-connection/-/microbit-connection-1.0.0.tgz",
      "integrity": "sha512-aT0yh1skRUhsb5xaIsHx5dHrvZdFytqeo1Y1Rwn2fBQm+qpo1vDpaQ8fI4v1LiedJUm5gNCExpxD1EVyhdtXvg==",
      "dependencies": {
        "@microbit/microbit-universal-hex": "^0.2.2",
        "@types/w3c-web-usb": "^1.0.13",
        "@types/web-bluetooth": "^0.0.20",
        "nrf-intel-hex": "^1.4.0"
      },
      "peerDependencies": {
        "@capacitor-community/bluetooth-le": "^8.0.0",
        "@capacitor/core": "^8.0.0",
        "@capacitor/filesystem": "^8.0.0",
        "@microbit/capacitor-community-nordic-dfu": "^8.0.0-microbit.1"
      }
    },
    "node_modules/@microbit/microbit-universal-hex": {
      "version": "0.2.2",
      "resolved": "https://registry.npmjs.org/@microbit/microbit-universal-hex/-/microbit-universal-hex-0.2.2.tgz",
      "integrity": "sha512-qyFt8ATgxAyPkNz9Yado4HXEeCctwP/8L1/v2hFLeVUqw/HFqVqV4piJbqRMmyOefMcQ9OyVPhLXjtbKn9063Q==",
      "license": "MIT",
      "engines": {
        "node": ">=8.5",
        "npm": ">=6.0",
        "yarn": "^1.0"
      },
      "peerDependencies": {
        "tslib": ">=1.11.1"
      }
    },
    "node_modules/@types/w3c-web-usb": {
      "version": "1.0.14",
      "resolved": "https://registry.npmjs.org/@types/w3c-web-usb/-/w3c-web-usb-1.0.14.tgz",
      "integrity": "sha512-Qu3Nn6JFuF4+sHKYl+IcX9vYiI40ogleXzFFSxoE1W94rG98o/kXs8uJ0QSfFzuwBCZWlGfUGpPkgwuuX4PchA==",
      "license": "MIT"
    },
    "node_modules/@types/web-bluetooth": {
      "version": "0.0.20",
      "resolved": "https://registry.npmjs.org/@types/web-bluetooth/-/web-bluetooth-0.0.20.tgz",
      "integrity": "sha512-g9gZnnXVq7gM7v3tJCWV/qw7w+KeOlSHAhgF9RytFyifW6AF61hdT2ucrYhPq9hLs5JIryeupHV3qGk95dH9ow==",
      "license": "MIT"
    },
    "node_modules/mbremote": {
      "resolved": "packages/mbremote",
      "link": true
    },
    "node_modules/node-addon-api": {
      "version": "8.9.2",
      "resolved": "https://registry.npmjs.org/node-addon-api/-/node-addon-api-8.9.2.tgz",
      "integrity": "sha512-VijLXbi3UACN69I0JVXJsX4tjACjNoQDgv2gTF6sx2wWEi8tkSg2eX8p5gSIFi8z2+DL3oHmY6OyKce38SDolg==",
      "license": "MIT",
      "engines": {
        "node": "^18 || ^20 || >= 21"
      }
    },
    "node_modules/node-gyp-build": {
      "version": "4.8.4",
      "resolved": "https://registry.npmjs.org/node-gyp-build/-/node-gyp-build-4.8.4.tgz",
      "integrity": "sha512-LA4ZjwlnUblHVgq0oBF3Jl/6h/Nvs5fzBLwdEF4nuxnFdsfajde4WfxtJr3CaiH+F6ewcIB/q4jQ4UzPyid+CQ==",
      "license": "MIT",
      "bin": {
        "node-gyp-build": "bin.js",
        "node-gyp-build-optional": "optional.js",
        "node-gyp-build-test": "build-test.js"
      }
    },
    "node_modules/nrf-intel-hex": {
      "version": "1.4.0",
      "resolved": "https://registry.npmjs.org/nrf-intel-hex/-/nrf-intel-hex-1.4.0.tgz",
      "integrity": "sha512-q3+GGRIpe0VvCjUP1zaqW5rk6IpCZzhD0lu7Sguo1bgWwFcA9kZRjsaKUb0jBQMnefyOl5o0BBGAxvqMqYx8Sg==",
      "license": "BSD",
      "engines": {
        "node": ">=6.0.0"
      }
    },
    "node_modules/tslib": {
      "version": "2.8.1",
      "resolved": "https://registry.npmjs.org/tslib/-/tslib-2.8.1.tgz",
      "integrity": "sha512-oJFu94HQb+KVduSUQL7wnpmqnfmLsOA/nAh6b6EH0wCEoK0/mPeXU6c3wKDV83MkOuHPRHtSXKKU99IBazS/2w==",
      "license": "0BSD",
      "peer": true
    },
    "node_modules/usb": {
      "version": "2.17.0",
      "resolved": "https://registry.npmjs.org/usb/-/usb-2.17.0.tgz",
      "integrity": "sha512-UuFgrlglgDn5ll6d5l7kl3nDb2Yx43qLUGcDq+7UNLZLtbNug0HZBb2Xodhgx2JZB1LqvU+dOGqLEeYUeZqsHg==",
      "hasInstallScript": true,
      "license": "MIT",
      "dependencies": {
        "@types/w3c-web-usb": "^1.0.6",
        "node-addon-api": "^8.0.0",
        "node-gyp-build": "^4.5.0"
      },
      "engines": {
        "node": ">=12.22.0 <13.0 || >=14.17.0"
      }
    },
    "packages/mbremote": {
      "version": "0.1.0",
      "license": "MIT",
      "dependencies": {
        "@microbit/microbit-connection": "1.0.0",
        "@microbit/microbit-fs": "0.10.0",
        "serialport": "13.0.0",
        "usb": "2.17.0"
      },
      "bin": {
        "mbremote": "bin/mbremote.js"
      },
      "engines": {
        "node": ">=20.0.0"
      }
    },
    "packages/mbremote/node_modules/@microbit/microbit-fs": {
      "version": "0.10.0",
      "license": "MIT",
      "dependencies": {
        "@microbit/microbit-universal-hex": "^0.2.2",
        "nrf-intel-hex": "^1.4.0"
      }
    },
    "packages/mbremote/node_modules/@serialport/binding-mock": {
      "version": "10.2.2",
      "license": "MIT",
      "dependencies": {
        "@serialport/bindings-interface": "^1.2.1",
        "debug": "^4.3.3"
      },
      "engines": {
        "node": ">=12.0.0"
      }
    },
    "packages/mbremote/node_modules/@serialport/bindings-cpp": {
      "version": "13.0.0",
      "hasInstallScript": true,
      "license": "MIT",
      "dependencies": {
        "@serialport/bindings-interface": "1.2.2",
        "@serialport/parser-readline": "12.0.0",
        "debug": "4.4.0",
        "node-addon-api": "8.3.0",
        "node-gyp-build": "4.8.4"
      },
      "engines": {
        "node": ">=18.0.0"
      },
      "funding": {
        "url": "https://opencollective.com/serialport/donate"
      }
    },
    "packages/mbremote/node_modules/@serialport/bindings-cpp/node_modules/@serialport/parser-delimiter": {
      "version": "12.0.0",
      "license": "MIT",
      "engines": {
        "node": ">=12.0.0"
      },
      "funding": {
        "url": "https://opencollective.com/serialport/donate"
      }
    },
    "packages/mbremote/node_modules/@serialport/bindings-cpp/node_modules/@serialport/parser-readline": {
      "version": "12.0.0",
      "license": "MIT",
      "dependencies": {
        "@serialport/parser-delimiter": "12.0.0"
      },
      "engines": {
        "node": ">=12.0.0"
      },
      "funding": {
        "url": "https://opencollective.com/serialport/donate"
      }
    },
    "packages/mbremote/node_modules/@serialport/bindings-interface": {
      "version": "1.2.2",
      "license": "MIT",
      "engines": {
        "node": "^12.22 || ^14.13 || >=16"
      }
    },
    "packages/mbremote/node_modules/@serialport/parser-byte-length": {
      "version": "13.0.0",
      "license": "MIT",
      "engines": {
        "node": ">=20.0.0"
      },
      "funding": {
        "url": "https://opencollective.com/serialport/donate"
      }
    },
    "packages/mbremote/node_modules/@serialport/parser-cctalk": {
      "version": "13.0.0",
      "license": "MIT",
      "engines": {
        "node": ">=20.0.0"
      },
      "funding": {
        "url": "https://opencollective.com/serialport/donate"
      }
    },
    "packages/mbremote/node_modules/@serialport/parser-delimiter": {
      "version": "13.0.0",
      "license": "MIT",
      "engines": {
        "node": ">=20.0.0"
      },
      "funding": {
        "url": "https://opencollective.com/serialport/donate"
      }
    },
    "packages/mbremote/node_modules/@serialport/parser-inter-byte-timeout": {
      "version": "13.0.0",
      "license": "MIT",
      "engines": {
        "node": ">=20.0.0"
      },
      "funding": {
        "url": "https://opencollective.com/serialport/donate"
      }
    },
    "packages/mbremote/node_modules/@serialport/parser-packet-length": {
      "version": "13.0.0",
      "license": "MIT",
      "engines": {
        "node": ">=8.6.0"
      }
    },
    "packages/mbremote/node_modules/@serialport/parser-readline": {
      "version": "13.0.0",
      "license": "MIT",
      "dependencies": {
        "@serialport/parser-delimiter": "13.0.0"
      },
      "engines": {
        "node": ">=20.0.0"
      },
      "funding": {
        "url": "https://opencollective.com/serialport/donate"
      }
    },
    "packages/mbremote/node_modules/@serialport/parser-ready": {
      "version": "13.0.0",
      "license": "MIT",
      "engines": {
        "node": ">=20.0.0"
      },
      "funding": {
        "url": "https://opencollective.com/serialport/donate"
      }
    },
    "packages/mbremote/node_modules/@serialport/parser-regex": {
      "version": "13.0.0",
      "license": "MIT",
      "engines": {
        "node": ">=20.0.0"
      },
      "funding": {
        "url": "https://opencollective.com/serialport/donate"
      }
    },
    "packages/mbremote/node_modules/@serialport/parser-slip-encoder": {
      "version": "13.0.0",
      "license": "MIT",
      "engines": {
        "node": ">=20.0.0"
      },
      "funding": {
        "url": "https://opencollective.com/serialport/donate"
      }
    },
    "packages/mbremote/node_modules/@serialport/parser-spacepacket": {
      "version": "13.0.0",
      "license": "MIT",
      "engines": {
        "node": ">=20.0.0"
      },
      "funding": {
        "url": "https://opencollective.com/serialport/donate"
      }
    },
    "packages/mbremote/node_modules/@serialport/stream": {
      "version": "13.0.0",
      "license": "MIT",
      "dependencies": {
        "@serialport/bindings-interface": "1.2.2",
        "debug": "4.4.0"
      },
      "engines": {
        "node": ">=20.0.0"
      },
      "funding": {
        "url": "https://opencollective.com/serialport/donate"
      }
    },
    "packages/mbremote/node_modules/debug": {
      "version": "4.4.0",
      "license": "MIT",
      "dependencies": {
        "ms": "^2.1.3"
      },
      "engines": {
        "node": ">=6.0"
      },
      "peerDependenciesMeta": {
        "supports-color": {
          "optional": true
        }
      }
    },
    "packages/mbremote/node_modules/ms": {
      "version": "2.1.3",
      "license": "MIT"
    },
    "packages/mbremote/node_modules/node-addon-api": {
      "version": "8.3.0",
      "license": "MIT",
      "engines": {
        "node": "^18 || ^20 || >= 21"
      }
    },
    "packages/mbremote/node_modules/serialport": {
      "version": "13.0.0",
      "license": "MIT",
      "dependencies": {
        "@serialport/binding-mock": "10.2.2",
        "@serialport/bindings-cpp": "13.0.0",
        "@serialport/parser-byte-length": "13.0.0",
        "@serialport/parser-cctalk": "13.0.0",
        "@serialport/parser-delimiter": "13.0.0",
        "@serialport/parser-inter-byte-timeout": "13.0.0",
        "@serialport/parser-packet-length": "13.0.0",
        "@serialport/parser-readline": "13.0.0",
        "@serialport/parser-ready": "13.0.0",
        "@serialport/parser-regex": "13.0.0",
        "@serialport/parser-slip-encoder": "13.0.0",
        "@serialport/parser-spacepacket": "13.0.0",
        "@serialport/stream": "13.0.0",
        "debug": "4.4.0"
      },
      "engines": {
        "node": ">=20.0.0"
      },
      "funding": {
        "url": "https://opencollective.com/serialport/donate"
      }
    }
  }
}
